// !$*UTF8*$!
{
	archiveVersion = 1;
	classes = {
	};
	objectVersion = 56;
	objects = {

/* Begin PBXBuildFile section */
		3668583A2A27A6F800007C59 /* WeatherSuggestorApp.swift in Sources */ = {isa = PBXBuildFile; fileRef = 366858392A27A6F800007C59 /* WeatherSuggestorApp.swift */; };
		3668583E2A27A6FF00007C59 /* Assets.xcassets in Resources */ = {isa = PBXBuildFile; fileRef = 3668583D2A27A6FF00007C59 /* Assets.xcassets */; };
		366858412A27A6FF00007C59 /* Preview Assets.xcassets in Resources */ = {isa = PBXBuildFile; fileRef = 366858402A27A6FF00007C59 /* Preview Assets.xcassets */; };
		36B2EBCB2A27A95700D94C2F /* WeatherSuggestorView.swift in Sources */ = {isa = PBXBuildFile; fileRef = 36B2EBCA2A27A95700D94C2F /* WeatherSuggestorView.swift */; };
		36B2EBCD2A291B9F00D94C2F /* SuggestionsView.swift in Sources */ = {isa = PBXBuildFile; fileRef = 36B2EBCC2A291B9F00D94C2F /* SuggestionsView.swift */; };
		36B2EBD42A2E1A9A00D94C2F /* ListView.swift in Sources */ = {isa = PBXBuildFile; fileRef = 36B2EBD32A2E1A9A00D94C2F /* ListView.swift */; };
		36B2EBD82A2F907B00D94C2F /* Suggestordb.sqlite in Resources */ = {isa = PBXBuildFile; fileRef = 36B2EBD72A2F907B00D94C2F /* Suggestordb.sqlite */; };
		36B2EBDD2A2F93D200D94C2F /* ActivitiesListView.swift in Sources */ = {isa = PBXBuildFile; fileRef = 36B2EBDC2A2F93D200D94C2F /* ActivitiesListView.swift */; };
		36B2EBDF2A3184D000D94C2F /* ActivitiesView.swift in Sources */ = {isa = PBXBuildFile; fileRef = 36B2EBDE2A3184D000D94C2F /* ActivitiesView.swift */; };
/* End PBXBuildFile section */

/* Begin PBXFileReference section */
		366858362A27A6F800007C59 /* WeatherSuggestor.app */ = {isa = PBXFileReference; explicitFileType = wrapper.application; includeInIndex = 0; path = WeatherSuggestor.app; sourceTree = BUILT_PRODUCTS_DIR; };
		366858392A27A6F800007C59 /* WeatherSuggestorApp.swift */ = {isa = PBXFileReference; lastKnownFileType = sourcecode.swift; path = WeatherSuggestorApp.swift; sourceTree = "<group>"; };
		3668583D2A27A6FF00007C59 /* Assets.xcassets */ = {isa = PBXFileReference; lastKnownFileType = folder.assetcatalog; path = Assets.xcassets; sourceTree = "<group>"; };
		366858402A27A6FF00007C59 /* Preview Assets.xcassets */ = {isa = PBXFileReference; lastKnownFileType = folder.assetcatalog; path = "Preview Assets.xcassets"; sourceTree = "<group>"; };
		36B2EBCA2A27A95700D94C2F /* WeatherSuggestorView.swift */ = {isa = PBXFileReference; lastKnownFileType = sourcecode.swift; path = WeatherSuggestorView.swift; sourceTree = "<group>"; };
		36B2EBCC2A291B9F00D94C2F /* SuggestionsView.swift */ = {isa = PBXFileReference; lastKnownFileType = sourcecode.swift; path = SuggestionsView.swift; sourceTree = "<group>"; };
		36B2EBD32A2E1A9A00D94C2F /* ListView.swift */ = {isa = PBXFileReference; lastKnownFileType = sourcecode.swift; path = ListView.swift; sourceTree = "<group>"; };
		36B2EBD72A2F907B00D94C2F /* Suggestordb.sqlite */ = {isa = PBXFileReference; lastKnownFileType = file; path = Suggestordb.sqlite; sourceTree = "<group>"; };
		36B2EBDC2A2F93D200D94C2F /* ActivitiesListView.swift */ = {isa = PBXFileReference; lastKnownFileType = sourcecode.swift; path = ActivitiesListView.swift; sourceTree = "<group>"; };
		36B2EBDE2A3184D000D94C2F /* ActivitiesView.swift */ = {isa = PBXFileReference; lastKnownFileType = sourcecode.swift; path = ActivitiesView.swift; sourceTree = "<group>"; };
/* End PBXFileReference section */

/* Begin PBXFrameworksBuildPhase section */
		366858332A27A6F800007C59 /* Frameworks */ = {
			isa = PBXFrameworksBuildPhase;
			buildActionMask = 2147483647;
			files = (
			);
			runOnlyForDeploymentPostprocessing = 0;
		};
/* End PBXFrameworksBuildPhase section */

/* Begin PBXGroup section */
		3668582D2A27A6F800007C59 = {
			isa = PBXGroup;
			children = (
				366858382A27A6F800007C59 /* WeatherSuggestor */,
				366858372A27A6F800007C59 /* Products */,
			);
			sourceTree = "<group>";
		};
		366858372A27A6F800007C59 /* Products */ = {
			isa = PBXGroup;
			children = (
				366858362A27A6F800007C59 /* WeatherSuggestor.app */,
			);
			name = Products;
			sourceTree = "<group>";
		};
		366858382A27A6F800007C59 /* WeatherSuggestor */ = {
			isa = PBXGroup;
			children = (
				366858392A27A6F800007C59 /* WeatherSuggestorApp.swift */,
				36B2EBC92A27A93600D94C2F /* Views */,
				3668583D2A27A6FF00007C59 /* Assets.xcassets */,
				3668583F2A27A6FF00007C59 /* Preview Content */,
			);
			path = WeatherSuggestor;
			sourceTree = "<group>";
		};
		3668583F2A27A6FF00007C59 /* Preview Content */ = {
			isa = PBXGroup;
			children = (
				366858402A27A6FF00007C59 /* Preview Assets.xcassets */,
			);
			path = "Preview Content";
			sourceTree = "<group>";
		};
		36B2EBC92A27A93600D94C2F /* Views */ = {
			isa = PBXGroup;
			children = (
				36B2EBCA2A27A95700D94C2F /* WeatherSuggestorView.swift */,
				36B2EBCC2A291B9F00D94C2F /* SuggestionsView.swift */,
				36B2EBD32A2E1A9A00D94C2F /* ListView.swift */,
				36B2EBDB2A2F92D800D94C2F /* Helpers */,
				36B2EBD02A291D7200D94C2F /* Model */,
			);
			path = Views;
			sourceTree = "<group>";
		};
		36B2EBD02A291D7200D94C2F /* Model */ = {
			isa = PBXGroup;
			children = (
				36B2EBD72A2F907B00D94C2F /* Suggestordb.sqlite */,
			);
			path = Model;
			sourceTree = "<group>";
		};
		36B2EBDB2A2F92D800D94C2F /* Helpers */ = {
			isa = PBXGroup;
			children = (
				36B2EBDE2A3184D000D94C2F /* ActivitiesView.swift */,
				36B2EBDC2A2F93D200D94C2F /* ActivitiesListView.swift */,
			);
			path = Helpers;
			sourceTree = "<group>";
		};
/* End PBXGroup section */

/* Begin PBXNativeTarget section */
		366858352A27A6F800007C59 /* WeatherSuggestor */ = {
			isa = PBXNativeTarget;
			buildConfigurationList = 366858442A27A6FF00007C59 /* Build configuration list for PBXNativeTarget "WeatherSuggestor" */;
			buildPhases = (
				366858322A27A6F800007C59 /* Sources */,
				366858332A27A6F800007C59 /* Frameworks */,
				366858342A27A6F800007C59 /* Resources */,
			);
			buildRules = (
			);
			dependencies = (
			);
			name = WeatherSuggestor;
			productName = WeatherSuggestor;
			productReference = 366858362A27A6F800007C59 /* WeatherSuggestor.app */;
			productType = "com.apple.product-type.application";
		};
/* End PBXNativeTarget section */

/* Begin PBXProject section */
		3668582E2A27A6F800007C59 /* Project object */ = {
			isa = PBXProject;
			attributes = {
				BuildIndependentTargetsInParallel = 1;
				LastSwiftUpdateCheck = 1430;
				LastUpgradeCheck = 1430;
				TargetAttributes = {
					366858352A27A6F800007C59 = {
						CreatedOnToolsVersion = 14.3;
					};
				};
			};
			buildConfigurationList = 366858312A27A6F800007C59 /* Build configuration list for PBXProject "WeatherSuggestor" */;
			compatibilityVersion = "Xcode 14.0";
			developmentRegion = en;
			hasScannedForEncodings = 0;
			knownRegions = (
				en,
				Base,
			);
			mainGroup = 3668582D2A27A6F800007C59;
			productRefGroup = 366858372A27A6F800007C59 /* Products */;
			projectDirPath = "";
			projectRoot = "";
			targets = (
				366858352A27A6F800007C59 /* WeatherSuggestor */,
			);
		};
/* End PBXProject section */

/* Begin PBXResourcesBuildPhase section */
		366858342A27A6F800007C59 /* Resources */ = {
			isa = PBXResourcesBuildPhase;
			buildActionMask = 2147483647;
			files = (
				366858412A27A6FF00007C59 /* Preview Assets.xcassets in Resources */,
				36B2EBD82A2F907B00D94C2F /* Suggestordb.sqlite in Resources */,
				3668583E2A27A6FF00007C59 /* Assets.xcassets in Resources */,
			);
			runOnlyForDeploymentPostprocessing = 0;
		};
/* End PBXResourcesBuildPhase section */

/* Begin PBXSourcesBuildPhase section */
		366858322A27A6F800007C59 /* Sources */ = {
			isa = PBXSourcesBuildPhase;
			buildActionMask = 2147483647;
			files = (
				36B2EBCD2A291B9F00D94C2F /* SuggestionsView.swift in Sources */,
				36B2EBDD2A2F93D200D94C2F /* ActivitiesListView.swift in Sources */,
				3668583A2A27A6F800007C59 /* WeatherSuggestorApp.swift in Sources */,
				36B2EBD42A2E1A9A00D94C2F /* ListView.swift in Sources */,
				36B2EBDF2A3184D000D94C2F /* ActivitiesView.swift in Sources */,
				36B2EBCB2A27A95700D94C2F /* WeatherSuggestorView.swift in Sources */,
			);
			runOnlyForDeploymentPostprocessing = 0;
		};
/* End PBXSourcesBuildPhase section */

/* Begin XCBuildConfiguration section */
		366858422A27A6FF00007C59 /* Debug */ = {
			isa = XCBuildConfiguration;
			buildSettings = {
				ALWAYS_SEARCH_USER_PATHS = NO;
				CLANG_ANALYZER_NONNULL = YES;
				CLANG_ANALYZER_NUMBER_OBJECT_CONVERSION = YES_AGGRESSIVE;
				CLANG_CXX_LANGUAGE_STANDARD = "gnu++20";
				CLANG_ENABLE_MODULES = YES;
				CLANG_ENABLE_OBJC_ARC = YES;
				CLANG_ENABLE_OBJC_WEAK = YES;
				CLANG_WARN_BLOCK_CAPTURE_AUTORELEASING = YES;
				CLANG_WARN_BOOL_CONVERSION = YES;
				CLANG_WARN_COMMA = YES;
				CLANG_WARN_CONSTANT_CONVERSION = YES;
				CLANG_WARN_DEPRECATED_OBJC_IMPLEMENTATIONS = YES;
				CLANG_WARN_DIRECT_OBJC_ISA_USAGE = YES_ERROR;
				CLANG_WARN_DOCUMENTATION_COMMENTS = YES;
				CLANG_WARN_EMPTY_BODY = YES;
				CLANG_WARN_ENUM_CONVERSION = YES;
				CLANG_WARN_INFINITE_RECURSION = YES;
				CLANG_WARN_INT_CONVERSION = YES;
				CLANG_WARN_NON_LITERAL_NULL_CONVERSION = YES;
				CLANG_WARN_OBJC_IMPLICIT_RETAIN_SELF = YES;
				CLANG_WARN_OBJC_LITERAL_CONVERSION = YES;
				CLANG_WARN_OBJC_ROOT_CLASS = YES_ERROR;
				CLANG_WARN_QUOTED_INCLUDE_IN_FRAMEWORK_HEADER = YES;
				CLANG_WARN_RANGE_LOOP_ANALYSIS = YES;
				CLANG_WARN_STRICT_PROTOTYPES = YES;
				CLANG_WARN_SUSPICIOUS_MOVE = YES;
				CLANG_WARN_UNGUARDED_AVAILABILITY = YES_AGGRESSIVE;
				CLANG_WARN_UNREACHABLE_CODE = YES;
				CLANG_WARN__DUPLICATE_METHOD_MATCH = YES;
				COPY_PHASE_STRIP = NO;
				DEBUG_INFORMATION_FORMAT = dwarf;
				ENABLE_STRICT_OBJC_MSGSEND = YES;
				ENABLE_TESTABILITY = YES;
				GCC_C_LANGUAGE_STANDARD = gnu11;
				GCC_DYNAMIC_NO_PIC = NO;
				GCC_NO_COMMON_BLOCKS = YES;
				GCC_OPTIMIZATION_LEVEL = 0;
				GCC_PREPROCESSOR_DEFINITIONS = (
					"DEBUG=1",
					"$(inherited)",
				);
				GCC_WARN_64_TO_32_BIT_CONVERSION = YES;
				GCC_WARN_ABOUT_RETURN_TYPE = YES_ERROR;
				GCC_WARN_UNDECLARED_SELECTOR = YES;
				GCC_WARN_UNINITIALIZED_AUTOS = YES_AGGRESSIVE;
				GCC_WARN_UNUSED_FUNCTION = YES;
				GCC_WARN_UNUSED_VARIABLE = YES;
				IPHONEOS_DEPLOYMENT_TARGET = 16.4;
				MTL_ENABLE_DEBUG_INFO = INCLUDE_SOURCE;
				MTL_FAST_MATH = YES;
				ONLY_ACTIVE_ARCH = YES;
				SDKROOT = iphoneos;
				SWIFT_ACTIVE_COMPILATION_CONDITIONS = DEBUG;
				SWIFT_OPTIMIZATION_LEVEL = "-Onone";
			};
			name = Debug;
		};
		366858432A27A6FF00007C59 /* Release */ = {
			isa = XCBuildConfiguration;
			buildSettings = {
				ALWAYS_SEARCH_USER_PATHS = NO;
				CLANG_ANALYZER_NONNULL = YES;
				CLANG_ANALYZER_NUMBER_OBJECT_CONVERSION = YES_AGGRESSIVE;
				CLANG_CXX_LANGUAGE_STANDARD = "gnu++20";
				CLANG_ENABLE_MODULES = YES;
				CLANG_ENABLE_OBJC_ARC = YES;
				CLANG_ENABLE_OBJC_WEAK = YES;
				CLANG_WARN_BLOCK_CAPTURE_AUTORELEASING = YES;
				CLANG_WARN_BOOL_CONVERSION = YES;
				CLANG_WARN_COMMA = YES;
				CLANG_WARN_CONSTANT_CONVERSION = YES;
				CLANG_WARN_DEPRECATED_OBJC_IMPLEMENTATIONS = YES;
				CLANG_WARN_DIRECT_OBJC_ISA_USAGE = YES_ERROR;
				CLANG_WARN_DOCUMENTATION_COMMENTS = YES;
				CLANG_WARN_EMPTY_BODY = YES;
				CLANG_WARN_ENUM_CONVERSION = YES;
				CLANG_WARN_INFINITE_RECURSION = YES;
				CLANG_WARN_INT_CONVERSION = YES;
				CLANG_WARN_NON_LITERAL_NULL_CONVERSION = YES;
				CLANG_WARN_OBJC_IMPLICIT_RETAIN_SELF = YES;
				CLANG_WARN_OBJC_LITERAL_CONVERSION = YES;
				CLANG_WARN_OBJC_ROOT_CLASS = YES_ERROR;
				CLANG_WARN_QUOTED_INCLUDE_IN_FRAMEWORK_HEADER = YES;
				CLANG_WARN_RANGE_LOOP_ANALYSIS = YES;
				CLANG_WARN_STRICT_PROTOTYPES = YES;
				CLANG_WARN_SUSPICIOUS_MOVE = YES;
				CLANG_WARN_UNGUARDED_AVAILABILITY = YES_AGGRESSIVE;
				CLANG_WARN_UNREACHABLE_CODE = YES;
				CLANG_WARN__DUPLICATE_METHOD_MATCH = YES;
				COPY_PHASE_STRIP = NO;
				DEBUG_INFORMATION_FORMAT = "dwarf-with-dsym";
				ENABLE_NS_ASSERTIONS = NO;
				ENABLE_STRICT_OBJC_MSGSEND = YES;
				GCC_C_LANGUAGE_STANDARD = gnu11;
				GCC_NO_COMMON_BLOCKS = YES;
				GCC_WARN_64_TO_32_BIT_CONVERSION = YES;
				GCC_WARN_ABOUT_RETURN_TYPE = YES_ERROR;
				GCC_WARN_UNDECLARED_SELECTOR = YES;
				GCC_WARN_UNINITIALIZED_AUTOS = YES_AGGRESSIVE;
				GCC_WARN_UNUSED_FUNCTION = YES;
				GCC_WARN_UNUSED_VARIABLE = YES;
				IPHONEOS_DEPLOYMENT_TARGET = 16.4;
				MTL_ENABLE_DEBUG_INFO = NO;
				MTL_FAST_MATH = YES;
				SDKROOT = iphoneos;
				SWIFT_COMPILATION_MODE = wholemodule;
				SWIFT_OPTIMIZATION_LEVEL = "-O";
				VALIDATE_PRODUCT = YES;
			};
			name = Release;
		};
		366858452A27A6FF00007C59 /* Debug */ = {
			isa = XCBuildConfiguration;
			buildSettings = {
				ASSETCATALOG_COMPILER_APPICON_NAME = AppIcon;
				ASSETCATALOG_COMPILER_GLOBAL_ACCENT_COLOR_NAME = AccentColor;
				CODE_SIGN_STYLE = Automatic;
				CURRENT_PROJECT_VERSION = 1;
				DEVELOPMENT_ASSET_PATHS = "\"WeatherSuggestor/Preview Content\"";
				DEVELOPMENT_TEAM = 7PSCDAF9UL;
				ENABLE_PREVIEWS = YES;
				GENERATE_INFOPLIST_FILE = YES;
				INFOPLIST_KEY_UIApplicationSceneManifest_Generation = YES;
				INFOPLIST_KEY_UIApplicationSupportsIndirectInputEvents = YES;
				INFOPLIST_KEY_UILaunchScreen_Generation = YES;
				INFOPLIST_KEY_UISupportedInterfaceOrientations_iPad = "UIInterfaceOrientationPortrait UIInterfaceOrientationPortraitUpsideDown UIInterfaceOrientationLandscapeLeft UIInterfaceOrientationLandscapeRight";
				INFOPLIST_KEY_UISupportedInterfaceOrientations_iPhone = "UIInterfaceOrientationPortrait UIInterfaceOrientationLandscapeLeft UIInterfaceOrientationLandscapeRight";
				LD_RUNPATH_SEARCH_PATHS = (
					"$(inherited)",
					"@executable_path/Frameworks",
				);
				MARKETING_VERSION = 1.0;
				PRODUCT_BUNDLE_IDENTIFIER = ca.cooperlawson.WeatherSuggestor;
				PRODUCT_NAME = "$(TARGET_NAME)";
				SWIFT_EMIT_LOC_STRINGS = YES;
				SWIFT_VERSION = 5.0;
				TARGETED_DEVICE_FAMILY = "1,2";
			};
			name = Debug;
		};
		366858462A27A6FF00007C59 /* Release */ = {
			isa = XCBuildConfiguration;
			buildSettings = {
				ASSETCATALOG_COMPILER_APPICON_NAME = AppIcon;
				ASSETCATALOG_COMPILER_GLOBAL_ACCENT_COLOR_NAME = AccentColor;
				CODE_SIGN_STYLE = Automatic;
				CURRENT_PROJECT_VERSION = 1;
				DEVELOPMENT_ASSET_PATHS = "\"WeatherSuggestor/Preview Content\"";
				DEVELOPMENT_TEAM = 7PSCDAF9UL;
				ENABLE_PREVIEWS = YES;
				GENERATE_INFOPLIST_FILE = YES;
				INFOPLIST_KEY_UIApplicationSceneManifest_Generation = YES;
				INFOPLIST_KEY_UIApplicationSupportsIndirectInputEvents = YES;
				INFOPLIST_KEY_UILaunchScreen_Generation = YES;
				INFOPLIST_KEY_UISupportedInterfaceOrientations_iPad = "UIInterfaceOrientationPortrait UIInterfaceOrientationPortraitUpsideDown UIInterfaceOrientationLandscapeLeft UIInterfaceOrientationLandscapeRight";
				INFOPLIST_KEY_UISupportedInterfaceOrientations_iPhone = "UIInterfaceOrientationPortrait UIInterfaceOrientationLandscapeLeft UIInterfaceOrientationLandscapeRight";
				LD_RUNPATH_SEARCH_PATHS = (
					"$(inherited)",
					"@executable_path/Frameworks",
				);
				MARKETING_VERSION = 1.0;
				PRODUCT_BUNDLE_IDENTIFIER = ca.cooperlawson.WeatherSuggestor;
				PRODUCT_NAME = "$(TARGET_NAME)";
				SWIFT_EMIT_LOC_STRINGS = YES;
				SWIFT_VERSION = 5.0;
				TARGETED_DEVICE_FAMILY = "1,2";
			};
			name = Release;
		};
/* End XCBuildConfiguration section */

/* Begin XCConfigurationList section */
		366858312A27A6F800007C59 /* Build configuration list for PBXProject "WeatherSuggestor" */ = {
			isa = XCConfigurationList;
			buildConfigurations = (
				366858422A27A6FF00007C59 /* Debug */,
				366858432A27A6FF00007C59 /* Release */,
			);
			defaultConfigurationIsVisible = 0;
			defaultConfigurationName = Release;
		};
		366858442A27A6FF00007C59 /* Build configuration list for PBXNativeTarget "WeatherSuggestor" */ = {
			isa = XCConfigurationList;
			buildConfigurations = (
				366858452A27A6FF00007C59 /* Debug */,
				366858462A27A6FF00007C59 /* Release */,
			);
			defaultConfigurationIsVisible = 0;
			defaultConfigurationName = Release;
		};
/* End XCConfigurationList section */
	};
	rootObject = 3668582E2A27A6F800007C59 /* Project object */;
}
